
Microsoft Visual Studio Solution File, Format Version 12.00
# Visual Studio Version 17
VisualStudioVersion = 17.5.33424.131
MinimumVisualStudioVersion = 10.0.40219.1
Project("{2150E333-8FDC-42A3-9474-1A3956D46DE8}") = "src", "src", "{3CA9E242-9302-495E-BAB3-950B381F358C}"
EndProject
Project("{2150E333-8FDC-42A3-9474-1A3956D46DE8}") = "Solution Items", "Solution Items", "{857DE38B-27D5-4F07-B9AD-091E251A10EA}"
	ProjectSection(SolutionItems) = preProject
		ServiceUrls.txt = ServiceUrls.txt
	EndProjectSection
EndProject
Project("{2150E333-8FDC-42A3-9474-1A3956D46DE8}") = "ApiGateways", "ApiGateways", "{EB14DF70-10B3-4C7B-8378-395DF8F3DCE1}"
EndProject
Project("{2150E333-8FDC-42A3-9474-1A3956D46DE8}") = "WebApiGateway", "WebApiGateway", "{F68ABFF0-EA34-4865-94AB-246B2B74D4F0}"
EndProject
Project("{2150E333-8FDC-42A3-9474-1A3956D46DE8}") = "BuildingBlocks", "BuildingBlocks", "{7D45A3DC-2BD5-4452-A55F-0DA6B0AD0643}"
EndProject
Project("{2150E333-8FDC-42A3-9474-1A3956D46DE8}") = "EventBus", "EventBus", "{CA4C2F05-8E88-450B-9BF2-4B2FF2095C52}"
EndProject
Project("{FAE04EC0-301F-11D3-BF4B-00C04F79EFBC}") = "Moongazing.EventBus.AzureServiceBus", "src\BuildingBlocks\EventBus\Moongazing.EventBus.AzureServiceBus\Moongazing.EventBus.AzureServiceBus.csproj", "{4A6B1206-95A2-4C33-9E5D-2B982CF2A829}"
EndProject
Project("{FAE04EC0-301F-11D3-BF4B-00C04F79EFBC}") = "Moongazing.EventBus.Base", "src\BuildingBlocks\EventBus\Moongazing.EventBus.Base\Moongazing.EventBus.Base.csproj", "{0995F674-20AE-4C9C-B47C-FE9936CCBDA0}"
EndProject
Project("{FAE04EC0-301F-11D3-BF4B-00C04F79EFBC}") = "Moongazing.EventBus.Factory", "src\BuildingBlocks\EventBus\Moongazing.EventBus.Factory\Moongazing.EventBus.Factory.csproj", "{EB23163E-33C0-41DF-9756-1C8B9C91B8BD}"
EndProject
Project("{FAE04EC0-301F-11D3-BF4B-00C04F79EFBC}") = "Moongazing.EventBus.RabbitMQ", "src\BuildingBlocks\EventBus\Moongazing.EventBus.RabbitMQ\Moongazing.EventBus.RabbitMQ.csproj", "{49171E80-6805-4FBA-A79D-5D73B45FAF63}"
EndProject
Project("{FAE04EC0-301F-11D3-BF4B-00C04F79EFBC}") = "Moongazing.WebApiGateway", "src\ApiGateways\WebApiGateway\Moongazing.WebApiGateway\Moongazing.WebApiGateway.csproj", "{18D9AE59-D6A8-499E-86F3-800A21D45C38}"
EndProject
Project("{2150E333-8FDC-42A3-9474-1A3956D46DE8}") = "Clients", "Clients", "{2EDE5ACA-3151-4D38-BEC3-4A12B04CFAE3}"
EndProject
Project("{2150E333-8FDC-42A3-9474-1A3956D46DE8}") = "BlazorWebApp", "BlazorWebApp", "{9BD4504E-BAE8-42E6-AF70-50703FBED8FC}"
EndProject
Project("{FAE04EC0-301F-11D3-BF4B-00C04F79EFBC}") = "Moongazing.WebApp", "src\Clients\BlazorWebApp\Moongazing.WebApp\Moongazing.WebApp.csproj", "{CFF3BFE2-D187-4146-A2B7-3719562EF242}"
EndProject
Project("{2150E333-8FDC-42A3-9474-1A3956D46DE8}") = "Services", "Services", "{18F1D95D-3F61-404B-B16D-B3522B709A0A}"
EndProject
Project("{2150E333-8FDC-42A3-9474-1A3956D46DE8}") = "BasketService", "BasketService", "{2D34D9BA-0A39-483E-8631-2E1B45DF7103}"
EndProject
Project("{FAE04EC0-301F-11D3-BF4B-00C04F79EFBC}") = "Moongazing.BasketService.Api", "src\Services\BasketService\Moongazing.BasketService.Api\Moongazing.BasketService.Api.csproj", "{8D585CA2-6EAF-4D2A-9195-5BD0AB55E708}"
EndProject
Project("{2150E333-8FDC-42A3-9474-1A3956D46DE8}") = "CatalogService", "CatalogService", "{DEC435EC-5C6C-4B4C-B180-87E6BCD34C31}"
EndProject
Project("{FAE04EC0-301F-11D3-BF4B-00C04F79EFBC}") = "Moongazing.CatalogService.Api", "src\Services\CatalogService\Moongazing.CatalogService.Api\Moongazing.CatalogService.Api.csproj", "{5D33C2E2-27FF-4A07-81F4-D223A080224B}"
EndProject
Project("{2150E333-8FDC-42A3-9474-1A3956D46DE8}") = "IdentityService", "IdentityService", "{B60266BD-DB23-462E-8829-879BEA734F70}"
EndProject
Project("{FAE04EC0-301F-11D3-BF4B-00C04F79EFBC}") = "Moongazing.IdentityService.Api", "src\Services\IdentityService\Moongazing.IdentityService.Api\Moongazing.IdentityService.Api.csproj", "{4CBFF937-DE8A-4A04-B34B-431D58A2E7BC}"
EndProject
Project("{2150E333-8FDC-42A3-9474-1A3956D46DE8}") = "NotificationService", "NotificationService", "{9E55A0A0-FC40-4778-ACE3-478520A050D0}"
EndProject
Project("{FAE04EC0-301F-11D3-BF4B-00C04F79EFBC}") = "Moongazing.NotificationService", "src\Services\NotificationService\Moongazing.NotificationService\Moongazing.NotificationService.csproj", "{8C2C6451-D278-46BB-BB90-D7D05AA6DC18}"
EndProject
Project("{2150E333-8FDC-42A3-9474-1A3956D46DE8}") = "OrderService", "OrderService", "{DBC0CD0F-320E-453F-9F8F-D1B02BB09659}"
EndProject
Project("{FAE04EC0-301F-11D3-BF4B-00C04F79EFBC}") = "Moongazing.OrderService.Domain", "src\Services\OrderService\Moongazing.OrderService.Domain\Moongazing.OrderService.Domain.csproj", "{9A4ABE5B-50D9-4E83-A5A2-36B16A52C46B}"
EndProject
Project("{FAE04EC0-301F-11D3-BF4B-00C04F79EFBC}") = "Moongazing.OrderService.Application", "src\Services\OrderService\Moongazing.OrderService.Application\Moongazing.OrderService.Application.csproj", "{598DD97D-4F6D-46B3-8053-2E98D91CFD29}"
EndProject
Project("{FAE04EC0-301F-11D3-BF4B-00C04F79EFBC}") = "Moongazing.OrderService.Infrastructure", "src\Services\OrderService\Moongazing.OrderService.Infrastructure\Moongazing.OrderService.Infrastructure.csproj", "{3B173D88-648D-40BB-B27A-8FA011EC957D}"
EndProject
Project("{FAE04EC0-301F-11D3-BF4B-00C04F79EFBC}") = "Moongazing.OrderService.Api", "src\Services\OrderService\Moongazing.OrderService.Api\Moongazing.OrderService.Api.csproj", "{929B0096-84E4-4863-AE41-3F8639B2AB80}"
EndProject
Project("{2150E333-8FDC-42A3-9474-1A3956D46DE8}") = "PaymentService", "PaymentService", "{9BFBAB77-D233-4647-8A04-D683824CA59B}"
EndProject
Project("{FAE04EC0-301F-11D3-BF4B-00C04F79EFBC}") = "Moongazing.PaymentService.Api", "src\Services\PaymentService\Moongazing.PaymentService.Api\Moongazing.PaymentService.Api.csproj", "{979CBD6A-C016-44E3-9578-B755E0A0F28C}"
EndProject
Global
	GlobalSection(SolutionConfigurationPlatforms) = preSolution
		Debug|Any CPU = Debug|Any CPU
		Release|Any CPU = Release|Any CPU
	EndGlobalSection
	GlobalSection(ProjectConfigurationPlatforms) = postSolution
		{4A6B1206-95A2-4C33-9E5D-2B982CF2A829}.Debug|Any CPU.ActiveCfg = Debug|Any CPU
		{4A6B1206-95A2-4C33-9E5D-2B982CF2A829}.Debug|Any CPU.Build.0 = Debug|Any CPU
		{4A6B1206-95A2-4C33-9E5D-2B982CF2A829}.Release|Any CPU.ActiveCfg = Release|Any CPU
		{4A6B1206-95A2-4C33-9E5D-2B982CF2A829}.Release|Any CPU.Build.0 = Release|Any CPU
		{0995F674-20AE-4C9C-B47C-FE9936CCBDA0}.Debug|Any CPU.ActiveCfg = Debug|Any CPU
		{0995F674-20AE-4C9C-B47C-FE9936CCBDA0}.Debug|Any CPU.Build.0 = Debug|Any CPU
		{0995F674-20AE-4C9C-B47C-FE9936CCBDA0}.Release|Any CPU.ActiveCfg = Release|Any CPU
		{0995F674-20AE-4C9C-B47C-FE9936CCBDA0}.Release|Any CPU.Build.0 = Release|Any CPU
		{EB23163E-33C0-41DF-9756-1C8B9C91B8BD}.Debug|Any CPU.ActiveCfg = Debug|Any CPU
		{EB23163E-33C0-41DF-9756-1C8B9C91B8BD}.Debug|Any CPU.Build.0 = Debug|Any CPU
		{EB23163E-33C0-41DF-9756-1C8B9C91B8BD}.Release|Any CPU.ActiveCfg = Release|Any CPU
		{EB23163E-33C0-41DF-9756-1C8B9C91B8BD}.Release|Any CPU.Build.0 = Release|Any CPU
		{49171E80-6805-4FBA-A79D-5D73B45FAF63}.Debug|Any CPU.ActiveCfg = Debug|Any CPU
		{49171E80-6805-4FBA-A79D-5D73B45FAF63}.Debug|Any CPU.Build.0 = Debug|Any CPU
		{49171E80-6805-4FBA-A79D-5D73B45FAF63}.Release|Any CPU.ActiveCfg = Release|Any CPU
		{49171E80-6805-4FBA-A79D-5D73B45FAF63}.Release|Any CPU.Build.0 = Release|Any CPU
		{18D9AE59-D6A8-499E-86F3-800A21D45C38}.Debug|Any CPU.ActiveCfg = Debug|Any CPU
		{18D9AE59-D6A8-499E-86F3-800A21D45C38}.Debug|Any CPU.Build.0 = Debug|Any CPU
		{18D9AE59-D6A8-499E-86F3-800A21D45C38}.Release|Any CPU.ActiveCfg = Release|Any CPU
		{18D9AE59-D6A8-499E-86F3-800A21D45C38}.Release|Any CPU.Build.0 = Release|Any CPU
		{CFF3BFE2-D187-4146-A2B7-3719562EF242}.Debug|Any CPU.ActiveCfg = Debug|Any CPU
		{CFF3BFE2-D187-4146-A2B7-3719562EF242}.Debug|Any CPU.Build.0 = Debug|Any CPU
		{CFF3BFE2-D187-4146-A2B7-3719562EF242}.Release|Any CPU.ActiveCfg = Release|Any CPU
		{CFF3BFE2-D187-4146-A2B7-3719562EF242}.Release|Any CPU.Build.0 = Release|Any CPU
		{8D585CA2-6EAF-4D2A-9195-5BD0AB55E708}.Debug|Any CPU.ActiveCfg = Debug|Any CPU
		{8D585CA2-6EAF-4D2A-9195-5BD0AB55E708}.Debug|Any CPU.Build.0 = Debug|Any CPU
		{8D585CA2-6EAF-4D2A-9195-5BD0AB55E708}.Release|Any CPU.ActiveCfg = Release|Any CPU
		{8D585CA2-6EAF-4D2A-9195-5BD0AB55E708}.Release|Any CPU.Build.0 = Release|Any CPU
		{5D33C2E2-27FF-4A07-81F4-D223A080224B}.Debug|Any CPU.ActiveCfg = Debug|Any CPU
		{5D33C2E2-27FF-4A07-81F4-D223A080224B}.Debug|Any CPU.Build.0 = Debug|Any CPU
		{5D33C2E2-27FF-4A07-81F4-D223A080224B}.Release|Any CPU.ActiveCfg = Release|Any CPU
		{5D33C2E2-27FF-4A07-81F4-D223A080224B}.Release|Any CPU.Build.0 = Release|Any CPU
		{4CBFF937-DE8A-4A04-B34B-431D58A2E7BC}.Debug|Any CPU.ActiveCfg = Debug|Any CPU
		{4CBFF937-DE8A-4A04-B34B-431D58A2E7BC}.Debug|Any CPU.Build.0 = Debug|Any CPU
		{4CBFF937-DE8A-4A04-B34B-431D58A2E7BC}.Release|Any CPU.ActiveCfg = Release|Any CPU
		{4CBFF937-DE8A-4A04-B34B-431D58A2E7BC}.Release|Any CPU.Build.0 = Release|Any CPU
		{8C2C6451-D278-46BB-BB90-D7D05AA6DC18}.Debug|Any CPU.ActiveCfg = Debug|Any CPU
		{8C2C6451-D278-46BB-BB90-D7D05AA6DC18}.Debug|Any CPU.Build.0 = Debug|Any CPU
		{8C2C6451-D278-46BB-BB90-D7D05AA6DC18}.Release|Any CPU.ActiveCfg = Release|Any CPU
		{8C2C6451-D278-46BB-BB90-D7D05AA6DC18}.Release|Any CPU.Build.0 = Release|Any CPU
		{9A4ABE5B-50D9-4E83-A5A2-36B16A52C46B}.Debug|Any CPU.ActiveCfg = Debug|Any CPU
		{9A4ABE5B-50D9-4E83-A5A2-36B16A52C46B}.Debug|Any CPU.Build.0 = Debug|Any CPU
		{9A4ABE5B-50D9-4E83-A5A2-36B16A52C46B}.Release|Any CPU.ActiveCfg = Release|Any CPU
		{9A4ABE5B-50D9-4E83-A5A2-36B16A52C46B}.Release|Any CPU.Build.0 = Release|Any CPU
		{598DD97D-4F6D-46B3-8053-2E98D91CFD29}.Debug|Any CPU.ActiveCfg = Debug|Any CPU
		{598DD97D-4F6D-46B3-8053-2E98D91CFD29}.Debug|Any CPU.Build.0 = Debug|Any CPU
		{598DD97D-4F6D-46B3-8053-2E98D91CFD29}.Release|Any CPU.ActiveCfg = Release|Any CPU
		{598DD97D-4F6D-46B3-8053-2E98D91CFD29}.Release|Any CPU.Build.0 = Release|Any CPU
		{3B173D88-648D-40BB-B27A-8FA011EC957D}.Debug|Any CPU.ActiveCfg = Debug|Any CPU
		{3B173D88-648D-40BB-B27A-8FA011EC957D}.Debug|Any CPU.Build.0 = Debug|Any CPU
		{3B173D88-648D-40BB-B27A-8FA011EC957D}.Release|Any CPU.ActiveCfg = Release|Any CPU
		{3B173D88-648D-40BB-B27A-8FA011EC957D}.Release|Any CPU.Build.0 = Release|Any CPU
		{929B0096-84E4-4863-AE41-3F8639B2AB80}.Debug|Any CPU.ActiveCfg = Debug|Any CPU
		{929B0096-84E4-4863-AE41-3F8639B2AB80}.Debug|Any CPU.Build.0 = Debug|Any CPU
		{929B0096-84E4-4863-AE41-3F8639B2AB80}.Release|Any CPU.ActiveCfg = Release|Any CPU
		{929B0096-84E4-4863-AE41-3F8639B2AB80}.Release|Any CPU.Build.0 = Release|Any CPU
		{979CBD6A-C016-44E3-9578-B755E0A0F28C}.Debug|Any CPU.ActiveCfg = Debug|Any CPU
		{979CBD6A-C016-44E3-9578-B755E0A0F28C}.Debug|Any CPU.Build.0 = Debug|Any CPU
		{979CBD6A-C016-44E3-9578-B755E0A0F28C}.Release|Any CPU.ActiveCfg = Release|Any CPU
		{979CBD6A-C016-44E3-9578-B755E0A0F28C}.Release|Any CPU.Build.0 = Release|Any CPU
	EndGlobalSection
	GlobalSection(SolutionProperties) = preSolution
		HideSolutionNode = FALSE
	EndGlobalSection
	GlobalSection(NestedProjects) = preSolution
		{EB14DF70-10B3-4C7B-8378-395DF8F3DCE1} = {3CA9E242-9302-495E-BAB3-950B381F358C}
		{F68ABFF0-EA34-4865-94AB-246B2B74D4F0} = {EB14DF70-10B3-4C7B-8378-395DF8F3DCE1}
		{7D45A3DC-2BD5-4452-A55F-0DA6B0AD0643} = {3CA9E242-9302-495E-BAB3-950B381F358C}
		{CA4C2F05-8E88-450B-9BF2-4B2FF2095C52} = {7D45A3DC-2BD5-4452-A55F-0DA6B0AD0643}
		{4A6B1206-95A2-4C33-9E5D-2B982CF2A829} = {CA4C2F05-8E88-450B-9BF2-4B2FF2095C52}
		{0995F674-20AE-4C9C-B47C-FE9936CCBDA0} = {CA4C2F05-8E88-450B-9BF2-4B2FF2095C52}
		{EB23163E-33C0-41DF-9756-1C8B9C91B8BD} = {CA4C2F05-8E88-450B-9BF2-4B2FF2095C52}
		{49171E80-6805-4FBA-A79D-5D73B45FAF63} = {CA4C2F05-8E88-450B-9BF2-4B2FF2095C52}
		{18D9AE59-D6A8-499E-86F3-800A21D45C38} = {F68ABFF0-EA34-4865-94AB-246B2B74D4F0}
		{2EDE5ACA-3151-4D38-BEC3-4A12B04CFAE3} = {3CA9E242-9302-495E-BAB3-950B381F358C}
		{9BD4504E-BAE8-42E6-AF70-50703FBED8FC} = {2EDE5ACA-3151-4D38-BEC3-4A12B04CFAE3}
		{CFF3BFE2-D187-4146-A2B7-3719562EF242} = {9BD4504E-BAE8-42E6-AF70-50703FBED8FC}
		{18F1D95D-3F61-404B-B16D-B3522B709A0A} = {3CA9E242-9302-495E-BAB3-950B381F358C}
		{2D34D9BA-0A39-483E-8631-2E1B45DF7103} = {18F1D95D-3F61-404B-B16D-B3522B709A0A}
		{8D585CA2-6EAF-4D2A-9195-5BD0AB55E708} = {2D34D9BA-0A39-483E-8631-2E1B45DF7103}
		{DEC435EC-5C6C-4B4C-B180-87E6BCD34C31} = {18F1D95D-3F61-404B-B16D-B3522B709A0A}
		{5D33C2E2-27FF-4A07-81F4-D223A080224B} = {DEC435EC-5C6C-4B4C-B180-87E6BCD34C31}
		{B60266BD-DB23-462E-8829-879BEA734F70} = {18F1D95D-3F61-404B-B16D-B3522B709A0A}
		{4CBFF937-DE8A-4A04-B34B-431D58A2E7BC} = {B60266BD-DB23-462E-8829-879BEA734F70}
		{9E55A0A0-FC40-4778-ACE3-478520A050D0} = {18F1D95D-3F61-404B-B16D-B3522B709A0A}
		{8C2C6451-D278-46BB-BB90-D7D05AA6DC18} = {9E55A0A0-FC40-4778-ACE3-478520A050D0}
		{DBC0CD0F-320E-453F-9F8F-D1B02BB09659} = {18F1D95D-3F61-404B-B16D-B3522B709A0A}
		{9A4ABE5B-50D9-4E83-A5A2-36B16A52C46B} = {DBC0CD0F-320E-453F-9F8F-D1B02BB09659}
		{598DD97D-4F6D-46B3-8053-2E98D91CFD29} = {DBC0CD0F-320E-453F-9F8F-D1B02BB09659}
		{3B173D88-648D-40BB-B27A-8FA011EC957D} = {DBC0CD0F-320E-453F-9F8F-D1B02BB09659}
		{929B0096-84E4-4863-AE41-3F8639B2AB80} = {DBC0CD0F-320E-453F-9F8F-D1B02BB09659}
		{9BFBAB77-D233-4647-8A04-D683824CA59B} = {18F1D95D-3F61-404B-B16D-B3522B709A0A}
		{979CBD6A-C016-44E3-9578-B755E0A0F28C} = {9BFBAB77-D233-4647-8A04-D683824CA59B}
	EndGlobalSection
	GlobalSection(ExtensibilityGlobals) = postSolution
		SolutionGuid = {3927B588-8EAD-40E4-B36A-44F709A6C5AC}
	EndGlobalSection
EndGlobal
